
Microsoft Visual Studio Solution File, Format Version 12.00
# Visual Studio Version 16
VisualStudioVersion = 16.0.29613.14
MinimumVisualStudioVersion = 10.0.40219.1
Project("{FAE04EC0-301F-11D3-BF4B-00C04F79EFBC}") = "laba1", "laba1\laba1.csproj", "{4EF25FE8-0560-47C1-9953-5AA3F8500942}"
EndProject
Global
	GlobalSection(SolutionConfigurationPlatforms) = preSolution
		Debug|Any CPU = Debug|Any CPU
		Release|Any CPU = Release|Any CPU
	EndGlobalSection
	GlobalSection(ProjectConfigurationPlatforms) = postSolution
		{4EF25FE8-0560-47C1-9953-5AA3F8500942}.Debug|Any CPU.ActiveCfg = Debug|Any CPU
		{4EF25FE8-0560-47C1-9953-5AA3F8500942}.Debug|Any CPU.Build.0 = Debug|Any CPU
		{4EF25FE8-0560-47C1-9953-5AA3F8500942}.Release|Any CPU.ActiveCfg = Release|Any CPU
		{4EF25FE8-0560-47C1-9953-5AA3F8500942}.Release|Any CPU.Build.0 = Release|Any CPU
	EndGlobalSection
	GlobalSection(SolutionProperties) = preSolution
		HideSolutionNode = FALSE
	EndGlobalSection
	GlobalSection(ExtensibilityGlobals) = postSolution
		SolutionGuid = {FA188E67-22B6-4607-8DBE-9F4D98F36149}
	EndGlobalSection
EndGlobal
